{
  "nodes": {
    "nixpkgs": {
      "locked": {
        "lastModified": 1726270397,
        "narHash": "sha256-xXYD+nOQWo2i5HrhF0KUQ8CWsaixfQz67MgnMfLTZKM=",
        "owner": "NixOS",
        "repo": "nixpkgs",
        "rev": "e3e53b69ed45a126b968645b7303288c0b5d9a6b",
        "type": "github"
      },
      "original": {
        "owner": "NixOS",
        "ref": "nixpkgs-unstable",
        "repo": "nixpkgs",
        "type": "github"
      }
    },
    "nixpkgs-stable": {
      "locked": {
        "lastModified": 1726341164,
        "narHash": "sha256-2RdFaah7wwLKlJ5DO/BBNQOpZW/nfRYGLoPrDGfKAcE=",
        "owner": "NixOS",
        "repo": "nixpkgs",
        "rev": "10b0c212b6bd2b8155f7cdf03e5018dbd50c7cb6",
        "type": "github"
      },
      "original": {
        "owner": "NixOS",
        "ref": "release-24.05",
        "repo": "nixpkgs",
        "type": "github"
      }
    },
    "root": {
      "inputs": {
        "nixpkgs": "nixpkgs",
        "nixpkgs-stable": "nixpkgs-stable"
      }
    }
  },
  "root": "root",
  "version": 7
}
